// !$*UTF8*$!
{
	archiveVersion = 1;
	classes = {
	};
	objectVersion = 56;
	objects = {

/* Begin PBXBuildFile section */
		C380ECE12A80810700EAE2CE /* UberMeApp.swift in Sources */ = {isa = PBXBuildFile; fileRef = C380ECE02A80810700EAE2CE /* UberMeApp.swift */; };
		C380ECE52A80810900EAE2CE /* Assets.xcassets in Resources */ = {isa = PBXBuildFile; fileRef = C380ECE42A80810900EAE2CE /* Assets.xcassets */; };
		C380ECE82A80810900EAE2CE /* Preview Assets.xcassets in Resources */ = {isa = PBXBuildFile; fileRef = C380ECE72A80810900EAE2CE /* Preview Assets.xcassets */; };
		C380ECF62A8081B200EAE2CE /* HomeView.swift in Sources */ = {isa = PBXBuildFile; fileRef = C380ECF52A8081B200EAE2CE /* HomeView.swift */; };
		C380ECF82A8081D300EAE2CE /* UberMapViewRepresentable.swift in Sources */ = {isa = PBXBuildFile; fileRef = C380ECF72A8081D300EAE2CE /* UberMapViewRepresentable.swift */; };
		C380ECFA2A80831C00EAE2CE /* LocationManager.swift in Sources */ = {isa = PBXBuildFile; fileRef = C380ECF92A80831C00EAE2CE /* LocationManager.swift */; };
		C380ECFF2A808A1E00EAE2CE /* LocationSearchActivationView.swift in Sources */ = {isa = PBXBuildFile; fileRef = C380ECFE2A808A1E00EAE2CE /* LocationSearchActivationView.swift */; };
		C380ED012A808B7600EAE2CE /* ActionButton.swift in Sources */ = {isa = PBXBuildFile; fileRef = C380ED002A808B7600EAE2CE /* ActionButton.swift */; };
		C380ED032A808D0B00EAE2CE /* LocationSearchView.swift in Sources */ = {isa = PBXBuildFile; fileRef = C380ED022A808D0B00EAE2CE /* LocationSearchView.swift */; };
		C380ED052A808F4F00EAE2CE /* LocationSearchResultCell.swift in Sources */ = {isa = PBXBuildFile; fileRef = C380ED042A808F4F00EAE2CE /* LocationSearchResultCell.swift */; };
		C380ED082A80965C00EAE2CE /* LocationSearchViewModel.swift in Sources */ = {isa = PBXBuildFile; fileRef = C380ED072A80965C00EAE2CE /* LocationSearchViewModel.swift */; };
		C380ED0A2A80D26D00EAE2CE /* MapViewState.swift in Sources */ = {isa = PBXBuildFile; fileRef = C380ED092A80D26D00EAE2CE /* MapViewState.swift */; };
		C380ED0D2A80DC2E00EAE2CE /* RideRequestView.swift in Sources */ = {isa = PBXBuildFile; fileRef = C380ED0C2A80DC2E00EAE2CE /* RideRequestView.swift */; };
		C380ED0F2A81D95100EAE2CE /* RideType.swift in Sources */ = {isa = PBXBuildFile; fileRef = C380ED0E2A81D95100EAE2CE /* RideType.swift */; };
		C380ED112A81E20300EAE2CE /* Double+Extention.swift in Sources */ = {isa = PBXBuildFile; fileRef = C380ED102A81E20300EAE2CE /* Double+Extention.swift */; };
		C380ED132A81F57200EAE2CE /* UberLocation.swift in Sources */ = {isa = PBXBuildFile; fileRef = C380ED122A81F57200EAE2CE /* UberLocation.swift */; };
		C380ED152A81FBB100EAE2CE /* Color+Extention.swift in Sources */ = {isa = PBXBuildFile; fileRef = C380ED142A81FBB100EAE2CE /* Color+Extention.swift */; };
/* End PBXBuildFile section */

/* Begin PBXFileReference section */
		C380ECDD2A80810700EAE2CE /* UberMe.app */ = {isa = PBXFileReference; explicitFileType = wrapper.application; includeInIndex = 0; path = UberMe.app; sourceTree = BUILT_PRODUCTS_DIR; };
		C380ECE02A80810700EAE2CE /* UberMeApp.swift */ = {isa = PBXFileReference; lastKnownFileType = sourcecode.swift; path = UberMeApp.swift; sourceTree = "<group>"; };
		C380ECE42A80810900EAE2CE /* Assets.xcassets */ = {isa = PBXFileReference; lastKnownFileType = folder.assetcatalog; path = Assets.xcassets; sourceTree = "<group>"; };
		C380ECE72A80810900EAE2CE /* Preview Assets.xcassets */ = {isa = PBXFileReference; lastKnownFileType = folder.assetcatalog; path = "Preview Assets.xcassets"; sourceTree = "<group>"; };
		C380ECF52A8081B200EAE2CE /* HomeView.swift */ = {isa = PBXFileReference; lastKnownFileType = sourcecode.swift; path = HomeView.swift; sourceTree = "<group>"; };
		C380ECF72A8081D300EAE2CE /* UberMapViewRepresentable.swift */ = {isa = PBXFileReference; lastKnownFileType = sourcecode.swift; path = UberMapViewRepresentable.swift; sourceTree = "<group>"; };
		C380ECF92A80831C00EAE2CE /* LocationManager.swift */ = {isa = PBXFileReference; lastKnownFileType = sourcecode.swift; path = LocationManager.swift; sourceTree = "<group>"; };
		C380ECFE2A808A1E00EAE2CE /* LocationSearchActivationView.swift */ = {isa = PBXFileReference; lastKnownFileType = sourcecode.swift; path = LocationSearchActivationView.swift; sourceTree = "<group>"; };
		C380ED002A808B7600EAE2CE /* ActionButton.swift */ = {isa = PBXFileReference; lastKnownFileType = sourcecode.swift; path = ActionButton.swift; sourceTree = "<group>"; };
		C380ED022A808D0B00EAE2CE /* LocationSearchView.swift */ = {isa = PBXFileReference; lastKnownFileType = sourcecode.swift; path = LocationSearchView.swift; sourceTree = "<group>"; };
		C380ED042A808F4F00EAE2CE /* LocationSearchResultCell.swift */ = {isa = PBXFileReference; lastKnownFileType = sourcecode.swift; path = LocationSearchResultCell.swift; sourceTree = "<group>"; };
		C380ED072A80965C00EAE2CE /* LocationSearchViewModel.swift */ = {isa = PBXFileReference; lastKnownFileType = sourcecode.swift; path = LocationSearchViewModel.swift; sourceTree = "<group>"; };
		C380ED092A80D26D00EAE2CE /* MapViewState.swift */ = {isa = PBXFileReference; lastKnownFileType = sourcecode.swift; path = MapViewState.swift; sourceTree = "<group>"; };
		C380ED0C2A80DC2E00EAE2CE /* RideRequestView.swift */ = {isa = PBXFileReference; lastKnownFileType = sourcecode.swift; path = RideRequestView.swift; sourceTree = "<group>"; };
		C380ED0E2A81D95100EAE2CE /* RideType.swift */ = {isa = PBXFileReference; lastKnownFileType = sourcecode.swift; path = RideType.swift; sourceTree = "<group>"; };
		C380ED102A81E20300EAE2CE /* Double+Extention.swift */ = {isa = PBXFileReference; lastKnownFileType = sourcecode.swift; path = "Double+Extention.swift"; sourceTree = "<group>"; };
		C380ED122A81F57200EAE2CE /* UberLocation.swift */ = {isa = PBXFileReference; lastKnownFileType = sourcecode.swift; path = UberLocation.swift; sourceTree = "<group>"; };
		C380ED142A81FBB100EAE2CE /* Color+Extention.swift */ = {isa = PBXFileReference; lastKnownFileType = sourcecode.swift; path = "Color+Extention.swift"; sourceTree = "<group>"; };
/* End PBXFileReference section */

/* Begin PBXFrameworksBuildPhase section */
		C380ECDA2A80810700EAE2CE /* Frameworks */ = {
			isa = PBXFrameworksBuildPhase;
			buildActionMask = 2147483647;
			files = (
			);
			runOnlyForDeploymentPostprocessing = 0;
		};
/* End PBXFrameworksBuildPhase section */

/* Begin PBXGroup section */
		C380ECD42A80810700EAE2CE = {
			isa = PBXGroup;
			children = (
				C380ECDF2A80810700EAE2CE /* UberMe */,
				C380ECDE2A80810700EAE2CE /* Products */,
			);
			sourceTree = "<group>";
		};
		C380ECDE2A80810700EAE2CE /* Products */ = {
			isa = PBXGroup;
			children = (
				C380ECDD2A80810700EAE2CE /* UberMe.app */,
			);
			name = Products;
			sourceTree = "<group>";
		};
		C380ECDF2A80810700EAE2CE /* UberMe */ = {
			isa = PBXGroup;
			children = (
				C380ECEE2A80813500EAE2CE /* App */,
				C380ECF22A80816300EAE2CE /* Managers */,
				C380ECF12A80815A00EAE2CE /* Models */,
				C380ECF02A80815100EAE2CE /* Extentions */,
				C380ECEF2A80814A00EAE2CE /* Core */,
				C380ECE42A80810900EAE2CE /* Assets.xcassets */,
				C380ECE62A80810900EAE2CE /* Preview Content */,
			);
			path = UberMe;
			sourceTree = "<group>";
		};
		C380ECE62A80810900EAE2CE /* Preview Content */ = {
			isa = PBXGroup;
			children = (
				C380ECE72A80810900EAE2CE /* Preview Assets.xcassets */,
			);
			path = "Preview Content";
			sourceTree = "<group>";
		};
		C380ECEE2A80813500EAE2CE /* App */ = {
			isa = PBXGroup;
			children = (
				C380ECE02A80810700EAE2CE /* UberMeApp.swift */,
			);
			path = App;
			sourceTree = "<group>";
		};
		C380ECEF2A80814A00EAE2CE /* Core */ = {
			isa = PBXGroup;
			children = (
				C380ED0B2A80DC1800EAE2CE /* Trips */,
				C380ECFC2A8089FC00EAE2CE /* LocationSearch */,
				C380ECFB2A8089DF00EAE2CE /* Home */,
			);
			path = Core;
			sourceTree = "<group>";
		};
		C380ECF02A80815100EAE2CE /* Extentions */ = {
			isa = PBXGroup;
			children = (
				C380ED102A81E20300EAE2CE /* Double+Extention.swift */,
				C380ED142A81FBB100EAE2CE /* Color+Extention.swift */,
			);
			path = Extentions;
			sourceTree = "<group>";
		};
		C380ECF12A80815A00EAE2CE /* Models */ = {
			isa = PBXGroup;
			children = (
				C380ED092A80D26D00EAE2CE /* MapViewState.swift */,
				C380ED0E2A81D95100EAE2CE /* RideType.swift */,
				C380ED122A81F57200EAE2CE /* UberLocation.swift */,
			);
			path = Models;
			sourceTree = "<group>";
		};
		C380ECF22A80816300EAE2CE /* Managers */ = {
			isa = PBXGroup;
			children = (
				C380ECF92A80831C00EAE2CE /* LocationManager.swift */,
			);
			path = Managers;
			sourceTree = "<group>";
		};
		C380ECF32A80818800EAE2CE /* ViewModel */ = {
			isa = PBXGroup;
			children = (
			);
			path = ViewModel;
			sourceTree = "<group>";
		};
		C380ECF42A80819100EAE2CE /* Views */ = {
			isa = PBXGroup;
			children = (
				C380ECF52A8081B200EAE2CE /* HomeView.swift */,
				C380ECF72A8081D300EAE2CE /* UberMapViewRepresentable.swift */,
				C380ED002A808B7600EAE2CE /* ActionButton.swift */,
			);
			path = Views;
			sourceTree = "<group>";
		};
		C380ECFB2A8089DF00EAE2CE /* Home */ = {
			isa = PBXGroup;
			children = (
				C380ECF32A80818800EAE2CE /* ViewModel */,
				C380ECF42A80819100EAE2CE /* Views */,
			);
			path = Home;
			sourceTree = "<group>";
		};
		C380ECFC2A8089FC00EAE2CE /* LocationSearch */ = {
			isa = PBXGroup;
			children = (
				C380ED062A80964200EAE2CE /* View Modal */,
				C380ECFD2A808A0500EAE2CE /* Views */,
			);
			path = LocationSearch;
			sourceTree = "<group>";
		};
		C380ECFD2A808A0500EAE2CE /* Views */ = {
			isa = PBXGroup;
			children = (
				C380ECFE2A808A1E00EAE2CE /* LocationSearchActivationView.swift */,
				C380ED022A808D0B00EAE2CE /* LocationSearchView.swift */,
				C380ED042A808F4F00EAE2CE /* LocationSearchResultCell.swift */,
			);
			path = Views;
			sourceTree = "<group>";
		};
		C380ED062A80964200EAE2CE /* View Modal */ = {
			isa = PBXGroup;
			children = (
				C380ED072A80965C00EAE2CE /* LocationSearchViewModel.swift */,
			);
			path = "View Modal";
			sourceTree = "<group>";
		};
		C380ED0B2A80DC1800EAE2CE /* Trips */ = {
			isa = PBXGroup;
			children = (
				C380ED0C2A80DC2E00EAE2CE /* RideRequestView.swift */,
			);
			path = Trips;
			sourceTree = "<group>";
		};
/* End PBXGroup section */

/* Begin PBXNativeTarget section */
		C380ECDC2A80810700EAE2CE /* UberMe */ = {
			isa = PBXNativeTarget;
			buildConfigurationList = C380ECEB2A80810900EAE2CE /* Build configuration list for PBXNativeTarget "UberMe" */;
			buildPhases = (
				C380ECD92A80810700EAE2CE /* Sources */,
				C380ECDA2A80810700EAE2CE /* Frameworks */,
				C380ECDB2A80810700EAE2CE /* Resources */,
			);
			buildRules = (
			);
			dependencies = (
			);
			name = UberMe;
			productName = UberMe;
			productReference = C380ECDD2A80810700EAE2CE /* UberMe.app */;
			productType = "com.apple.product-type.application";
		};
/* End PBXNativeTarget section */

/* Begin PBXProject section */
		C380ECD52A80810700EAE2CE /* Project object */ = {
			isa = PBXProject;
			attributes = {
				BuildIndependentTargetsInParallel = 1;
				LastSwiftUpdateCheck = 1430;
				LastUpgradeCheck = 1430;
				TargetAttributes = {
					C380ECDC2A80810700EAE2CE = {
						CreatedOnToolsVersion = 14.3.1;
					};
				};
			};
			buildConfigurationList = C380ECD82A80810700EAE2CE /* Build configuration list for PBXProject "UberMe" */;
			compatibilityVersion = "Xcode 14.0";
			developmentRegion = en;
			hasScannedForEncodings = 0;
			knownRegions = (
				en,
				Base,
			);
			mainGroup = C380ECD42A80810700EAE2CE;
			productRefGroup = C380ECDE2A80810700EAE2CE /* Products */;
			projectDirPath = "";
			projectRoot = "";
			targets = (
				C380ECDC2A80810700EAE2CE /* UberMe */,
			);
		};
/* End PBXProject section */

/* Begin PBXResourcesBuildPhase section */
		C380ECDB2A80810700EAE2CE /* Resources */ = {
			isa = PBXResourcesBuildPhase;
			buildActionMask = 2147483647;
			files = (
				C380ECE82A80810900EAE2CE /* Preview Assets.xcassets in Resources */,
				C380ECE52A80810900EAE2CE /* Assets.xcassets in Resources */,
			);
			runOnlyForDeploymentPostprocessing = 0;
		};
/* End PBXResourcesBuildPhase section */

/* Begin PBXSourcesBuildPhase section */
		C380ECD92A80810700EAE2CE /* Sources */ = {
			isa = PBXSourcesBuildPhase;
			buildActionMask = 2147483647;
			files = (
				C380ED112A81E20300EAE2CE /* Double+Extention.swift in Sources */,
				C380ED082A80965C00EAE2CE /* LocationSearchViewModel.swift in Sources */,
				C380ED032A808D0B00EAE2CE /* LocationSearchView.swift in Sources */,
				C380ECFA2A80831C00EAE2CE /* LocationManager.swift in Sources */,
				C380ED0D2A80DC2E00EAE2CE /* RideRequestView.swift in Sources */,
				C380ED0A2A80D26D00EAE2CE /* MapViewState.swift in Sources */,
				C380ED152A81FBB100EAE2CE /* Color+Extention.swift in Sources */,
				C380ECE12A80810700EAE2CE /* UberMeApp.swift in Sources */,
				C380ECF82A8081D300EAE2CE /* UberMapViewRepresentable.swift in Sources */,
				C380ECF62A8081B200EAE2CE /* HomeView.swift in Sources */,
				C380ECFF2A808A1E00EAE2CE /* LocationSearchActivationView.swift in Sources */,
				C380ED132A81F57200EAE2CE /* UberLocation.swift in Sources */,
				C380ED012A808B7600EAE2CE /* ActionButton.swift in Sources */,
				C380ED052A808F4F00EAE2CE /* LocationSearchResultCell.swift in Sources */,
				C380ED0F2A81D95100EAE2CE /* RideType.swift in Sources */,
			);
			runOnlyForDeploymentPostprocessing = 0;
		};
/* End PBXSourcesBuildPhase section */

/* Begin XCBuildConfiguration section */
		C380ECE92A80810900EAE2CE /* Debug */ = {
			isa = XCBuildConfiguration;
			buildSettings = {
				ALWAYS_SEARCH_USER_PATHS = NO;
				CLANG_ANALYZER_NONNULL = YES;
				CLANG_ANALYZER_NUMBER_OBJECT_CONVERSION = YES_AGGRESSIVE;
				CLANG_CXX_LANGUAGE_STANDARD = "gnu++20";
				CLANG_ENABLE_MODULES = YES;
				CLANG_ENABLE_OBJC_ARC = YES;
				CLANG_ENABLE_OBJC_WEAK = YES;
				CLANG_WARN_BLOCK_CAPTURE_AUTORELEASING = YES;
				CLANG_WARN_BOOL_CONVERSION = YES;
				CLANG_WARN_COMMA = YES;
				CLANG_WARN_CONSTANT_CONVERSION = YES;
				CLANG_WARN_DEPRECATED_OBJC_IMPLEMENTATIONS = YES;
				CLANG_WARN_DIRECT_OBJC_ISA_USAGE = YES_ERROR;
				CLANG_WARN_DOCUMENTATION_COMMENTS = YES;
				CLANG_WARN_EMPTY_BODY = YES;
				CLANG_WARN_ENUM_CONVERSION = YES;
				CLANG_WARN_INFINITE_RECURSION = YES;
				CLANG_WARN_INT_CONVERSION = YES;
				CLANG_WARN_NON_LITERAL_NULL_CONVERSION = YES;
				CLANG_WARN_OBJC_IMPLICIT_RETAIN_SELF = YES;
				CLANG_WARN_OBJC_LITERAL_CONVERSION = YES;
				CLANG_WARN_OBJC_ROOT_CLASS = YES_ERROR;
				CLANG_WARN_QUOTED_INCLUDE_IN_FRAMEWORK_HEADER = YES;
				CLANG_WARN_RANGE_LOOP_ANALYSIS = YES;
				CLANG_WARN_STRICT_PROTOTYPES = YES;
				CLANG_WARN_SUSPICIOUS_MOVE = YES;
				CLANG_WARN_UNGUARDED_AVAILABILITY = YES_AGGRESSIVE;
				CLANG_WARN_UNREACHABLE_CODE = YES;
				CLANG_WARN__DUPLICATE_METHOD_MATCH = YES;
				COPY_PHASE_STRIP = NO;
				DEBUG_INFORMATION_FORMAT = dwarf;
				ENABLE_STRICT_OBJC_MSGSEND = YES;
				ENABLE_TESTABILITY = YES;
				GCC_C_LANGUAGE_STANDARD = gnu11;
				GCC_DYNAMIC_NO_PIC = NO;
				GCC_NO_COMMON_BLOCKS = YES;
				GCC_OPTIMIZATION_LEVEL = 0;
				GCC_PREPROCESSOR_DEFINITIONS = (
					"DEBUG=1",
					"$(inherited)",
				);
				GCC_WARN_64_TO_32_BIT_CONVERSION = YES;
				GCC_WARN_ABOUT_RETURN_TYPE = YES_ERROR;
				GCC_WARN_UNDECLARED_SELECTOR = YES;
				GCC_WARN_UNINITIALIZED_AUTOS = YES_AGGRESSIVE;
				GCC_WARN_UNUSED_FUNCTION = YES;
				GCC_WARN_UNUSED_VARIABLE = YES;
				IPHONEOS_DEPLOYMENT_TARGET = 16.4;
				MTL_ENABLE_DEBUG_INFO = INCLUDE_SOURCE;
				MTL_FAST_MATH = YES;
				ONLY_ACTIVE_ARCH = YES;
				SDKROOT = iphoneos;
				SWIFT_ACTIVE_COMPILATION_CONDITIONS = DEBUG;
				SWIFT_OPTIMIZATION_LEVEL = "-Onone";
			};
			name = Debug;
		};
		C380ECEA2A80810900EAE2CE /* Release */ = {
			isa = XCBuildConfiguration;
			buildSettings = {
				ALWAYS_SEARCH_USER_PATHS = NO;
				CLANG_ANALYZER_NONNULL = YES;
				CLANG_ANALYZER_NUMBER_OBJECT_CONVERSION = YES_AGGRESSIVE;
				CLANG_CXX_LANGUAGE_STANDARD = "gnu++20";
				CLANG_ENABLE_MODULES = YES;
				CLANG_ENABLE_OBJC_ARC = YES;
				CLANG_ENABLE_OBJC_WEAK = YES;
				CLANG_WARN_BLOCK_CAPTURE_AUTORELEASING = YES;
				CLANG_WARN_BOOL_CONVERSION = YES;
				CLANG_WARN_COMMA = YES;
				CLANG_WARN_CONSTANT_CONVERSION = YES;
				CLANG_WARN_DEPRECATED_OBJC_IMPLEMENTATIONS = YES;
				CLANG_WARN_DIRECT_OBJC_ISA_USAGE = YES_ERROR;
				CLANG_WARN_DOCUMENTATION_COMMENTS = YES;
				CLANG_WARN_EMPTY_BODY = YES;
				CLANG_WARN_ENUM_CONVERSION = YES;
				CLANG_WARN_INFINITE_RECURSION = YES;
				CLANG_WARN_INT_CONVERSION = YES;
				CLANG_WARN_NON_LITERAL_NULL_CONVERSION = YES;
				CLANG_WARN_OBJC_IMPLICIT_RETAIN_SELF = YES;
				CLANG_WARN_OBJC_LITERAL_CONVERSION = YES;
				CLANG_WARN_OBJC_ROOT_CLASS = YES_ERROR;
				CLANG_WARN_QUOTED_INCLUDE_IN_FRAMEWORK_HEADER = YES;
				CLANG_WARN_RANGE_LOOP_ANALYSIS = YES;
				CLANG_WARN_STRICT_PROTOTYPES = YES;
				CLANG_WARN_SUSPICIOUS_MOVE = YES;
				CLANG_WARN_UNGUARDED_AVAILABILITY = YES_AGGRESSIVE;
				CLANG_WARN_UNREACHABLE_CODE = YES;
				CLANG_WARN__DUPLICATE_METHOD_MATCH = YES;
				COPY_PHASE_STRIP = NO;
				DEBUG_INFORMATION_FORMAT = "dwarf-with-dsym";
				ENABLE_NS_ASSERTIONS = NO;
				ENABLE_STRICT_OBJC_MSGSEND = YES;
				GCC_C_LANGUAGE_STANDARD = gnu11;
				GCC_NO_COMMON_BLOCKS = YES;
				GCC_WARN_64_TO_32_BIT_CONVERSION = YES;
				GCC_WARN_ABOUT_RETURN_TYPE = YES_ERROR;
				GCC_WARN_UNDECLARED_SELECTOR = YES;
				GCC_WARN_UNINITIALIZED_AUTOS = YES_AGGRESSIVE;
				GCC_WARN_UNUSED_FUNCTION = YES;
				GCC_WARN_UNUSED_VARIABLE = YES;
				IPHONEOS_DEPLOYMENT_TARGET = 16.4;
				MTL_ENABLE_DEBUG_INFO = NO;
				MTL_FAST_MATH = YES;
				SDKROOT = iphoneos;
				SWIFT_COMPILATION_MODE = wholemodule;
				SWIFT_OPTIMIZATION_LEVEL = "-O";
				VALIDATE_PRODUCT = YES;
			};
			name = Release;
		};
		C380ECEC2A80810900EAE2CE /* Debug */ = {
			isa = XCBuildConfiguration;
			buildSettings = {
				ASSETCATALOG_COMPILER_APPICON_NAME = AppIcon;
				ASSETCATALOG_COMPILER_GLOBAL_ACCENT_COLOR_NAME = AccentColor;
				CODE_SIGN_STYLE = Automatic;
				CURRENT_PROJECT_VERSION = 1;
				DEVELOPMENT_ASSET_PATHS = "\"UberMe/Preview Content\"";
				DEVELOPMENT_TEAM = 5V64WDJM8H;
				ENABLE_PREVIEWS = YES;
				GENERATE_INFOPLIST_FILE = YES;
				INFOPLIST_KEY_LSApplicationCategoryType = "public.app-category.travel";
				INFOPLIST_KEY_NSLocationWhenInUseUsageDescription = "Please allow location access to know your location";
				INFOPLIST_KEY_UIApplicationSceneManifest_Generation = YES;
				INFOPLIST_KEY_UIApplicationSupportsIndirectInputEvents = YES;
				INFOPLIST_KEY_UILaunchScreen_Generation = YES;
				INFOPLIST_KEY_UIRequiresFullScreen = YES;
				INFOPLIST_KEY_UISupportedInterfaceOrientations = UIInterfaceOrientationPortrait;
				IPHONEOS_DEPLOYMENT_TARGET = 16.0;
				LD_RUNPATH_SEARCH_PATHS = (
					"$(inherited)",
					"@executable_path/Frameworks",
				);
				MARKETING_VERSION = 1.0;
				PRODUCT_BUNDLE_IDENTIFIER = jp.co.smartsolar.UberMe;
				PRODUCT_NAME = "$(TARGET_NAME)";
				SWIFT_EMIT_LOC_STRINGS = YES;
				SWIFT_VERSION = 5.0;
				TARGETED_DEVICE_FAMILY = "1,2";
			};
			name = Debug;
		};
		C380ECED2A80810900EAE2CE /* Release */ = {
			isa = XCBuildConfiguration;
			buildSettings = {
				ASSETCATALOG_COMPILER_APPICON_NAME = AppIcon;
				ASSETCATALOG_COMPILER_GLOBAL_ACCENT_COLOR_NAME = AccentColor;
				CODE_SIGN_STYLE = Automatic;
				CURRENT_PROJECT_VERSION = 1;
				DEVELOPMENT_ASSET_PATHS = "\"UberMe/Preview Content\"";
				DEVELOPMENT_TEAM = 5V64WDJM8H;
				ENABLE_PREVIEWS = YES;
				GENERATE_INFOPLIST_FILE = YES;
				INFOPLIST_KEY_LSApplicationCategoryType = "public.app-category.travel";
				INFOPLIST_KEY_NSLocationWhenInUseUsageDescription = "Please allow location access to know your location";
				INFOPLIST_KEY_UIApplicationSceneManifest_Generation = YES;
				INFOPLIST_KEY_UIApplicationSupportsIndirectInputEvents = YES;
				INFOPLIST_KEY_UILaunchScreen_Generation = YES;
				INFOPLIST_KEY_UIRequiresFullScreen = YES;
				INFOPLIST_KEY_UISupportedInterfaceOrientations = UIInterfaceOrientationPortrait;
				IPHONEOS_DEPLOYMENT_TARGET = 16.0;
				LD_RUNPATH_SEARCH_PATHS = (
					"$(inherited)",
					"@executable_path/Frameworks",
				);
				MARKETING_VERSION = 1.0;
				PRODUCT_BUNDLE_IDENTIFIER = jp.co.smartsolar.UberMe;
				PRODUCT_NAME = "$(TARGET_NAME)";
				SWIFT_EMIT_LOC_STRINGS = YES;
				SWIFT_VERSION = 5.0;
				TARGETED_DEVICE_FAMILY = "1,2";
			};
			name = Release;
		};
/* End XCBuildConfiguration section */

/* Begin XCConfigurationList section */
		C380ECD82A80810700EAE2CE /* Build configuration list for PBXProject "UberMe" */ = {
			isa = XCConfigurationList;
			buildConfigurations = (
				C380ECE92A80810900EAE2CE /* Debug */,
				C380ECEA2A80810900EAE2CE /* Release */,
			);
			defaultConfigurationIsVisible = 0;
			defaultConfigurationName = Release;
		};
		C380ECEB2A80810900EAE2CE /* Build configuration list for PBXNativeTarget "UberMe" */ = {
			isa = XCConfigurationList;
			buildConfigurations = (
				C380ECEC2A80810900EAE2CE /* Debug */,
				C380ECED2A80810900EAE2CE /* Release */,
			);
			defaultConfigurationIsVisible = 0;
			defaultConfigurationName = Release;
		};
/* End XCConfigurationList section */
	};
	rootObject = C380ECD52A80810700EAE2CE /* Project object */;
}
